
Microsoft Visual Studio Solution File, Format Version 12.00
# Visual Studio Version 17
VisualStudioVersion = 17.5.002.0
MinimumVisualStudioVersion = 10.0.40219.1
Project("{9A19103F-16F7-4668-BE54-9A1E7A4F7556}") = "arrayProject", "arrayProject.csproj", "{20A10AA8-9A24-4452-8FA9-0FEA2B546C21}"
EndProject
Global
	GlobalSection(SolutionConfigurationPlatforms) = preSolution
		Debug|Any CPU = Debug|Any CPU
		Release|Any CPU = Release|Any CPU
	EndGlobalSection
	GlobalSection(ProjectConfigurationPlatforms) = postSolution
		{20A10AA8-9A24-4452-8FA9-0FEA2B546C21}.Debug|Any CPU.ActiveCfg = Debug|Any CPU
		{20A10AA8-9A24-4452-8FA9-0FEA2B546C21}.Debug|Any CPU.Build.0 = Debug|Any CPU
		{20A10AA8-9A24-4452-8FA9-0FEA2B546C21}.Release|Any CPU.ActiveCfg = Release|Any CPU
		{20A10AA8-9A24-4452-8FA9-0FEA2B546C21}.Release|Any CPU.Build.0 = Release|Any CPU
	EndGlobalSection
	GlobalSection(SolutionProperties) = preSolution
		HideSolutionNode = FALSE
	EndGlobalSection
	GlobalSection(ExtensibilityGlobals) = postSolution
		SolutionGuid = {5645CC23-D17D-4F67-9C70-AF268C37C699}
	EndGlobalSection
EndGlobal
